
Microsoft Visual Studio Solution File, Format Version 12.00
# Visual Studio 14
VisualStudioVersion = 14.0.25420.1
MinimumVisualStudioVersion = 10.0.40219.1
Project("{FAE04EC0-301F-11D3-BF4B-00C04F79EFBC}") = "Dsl", "Dsl\Dsl.csproj", "{BE4BA7EC-CBA5-4555-BF4E-0DEC1CAAA024}"
EndProject
Project("{FAE04EC0-301F-11D3-BF4B-00C04F79EFBC}") = "DslPackage", "DslPackage\DslPackage.csproj", "{5CF6FF0C-D4EB-4EC0-B2A2-745B0CFD09BB}"
EndProject
Global
	GlobalSection(SolutionConfigurationPlatforms) = preSolution
		Debug|Any CPU = Debug|Any CPU
		Release|Any CPU = Release|Any CPU
	EndGlobalSection
	GlobalSection(ProjectConfigurationPlatforms) = postSolution
		{BE4BA7EC-CBA5-4555-BF4E-0DEC1CAAA024}.Debug|Any CPU.ActiveCfg = Debug|Any CPU
		{BE4BA7EC-CBA5-4555-BF4E-0DEC1CAAA024}.Debug|Any CPU.Build.0 = Debug|Any CPU
		{BE4BA7EC-CBA5-4555-BF4E-0DEC1CAAA024}.Release|Any CPU.ActiveCfg = Release|Any CPU
		{BE4BA7EC-CBA5-4555-BF4E-0DEC1CAAA024}.Release|Any CPU.Build.0 = Release|Any CPU
		{5CF6FF0C-D4EB-4EC0-B2A2-745B0CFD09BB}.Debug|Any CPU.ActiveCfg = Debug|Any CPU
		{5CF6FF0C-D4EB-4EC0-B2A2-745B0CFD09BB}.Debug|Any CPU.Build.0 = Debug|Any CPU
		{5CF6FF0C-D4EB-4EC0-B2A2-745B0CFD09BB}.Release|Any CPU.ActiveCfg = Release|Any CPU
		{5CF6FF0C-D4EB-4EC0-B2A2-745B0CFD09BB}.Release|Any CPU.Build.0 = Release|Any CPU
	EndGlobalSection
	GlobalSection(SolutionProperties) = preSolution
		HideSolutionNode = FALSE
	EndGlobalSection
EndGlobal
